{
    "_readme": [
        "This file locks the dependencies of your project to a known state",
        "Read more about it at https://getcomposer.org/doc/01-basic-usage.md#composer-lock-the-lock-file",
        "This file is @generated automatically"
    ],
    "hash": "55190c6034862748b3a71fff6e77f8de",
    "content-hash": "e127bf5a3991183fa77df0608f005291",
    "packages": [],
    "packages-dev": [
        {
            "name": "friendsofphp/php-cs-fixer",
            "version": "v1.11",
            "source": {
                "type": "git",
                "url": "https://github.com/FriendsOfPHP/PHP-CS-Fixer.git",
                "reference": "bd3ec2c2b774e0e127ac2c737ec646d9cf2f9eef"
            },
            "dist": {
                "type": "zip",
                "url": "https://api.github.com/repos/FriendsOfPHP/PHP-CS-Fixer/zipball/bd3ec2c2b774e0e127ac2c737ec646d9cf2f9eef",
                "reference": "bd3ec2c2b774e0e127ac2c737ec646d9cf2f9eef",
                "shasum": ""
            },
            "require": {
                "ext-tokenizer": "*",
                "php": ">=5.3.6",
                "sebastian/diff": "~1.1",
                "symfony/console": "~2.3|~3.0",
                "symfony/event-dispatcher": "~2.1|~3.0",
                "symfony/filesystem": "~2.1|~3.0",
                "symfony/finder": "~2.1|~3.0",
                "symfony/process": "~2.3|~3.0",
                "symfony/stopwatch": "~2.5|~3.0"
            },
            "require-dev": {
                "satooshi/php-coveralls": "0.7.*@dev"
            },
            "bin": [
                "php-cs-fixer"
            ],
            "type": "application",
            "autoload": {
                "psr-4": {
                    "Symfony\\CS\\": "Symfony/CS/"
                }
            },
            "notification-url": "https://packagist.org/downloads/",
            "license": [
                "MIT"
            ],
            "authors": [
                {
                    "name": "Dariusz Rumiński",
                    "email": "dariusz.ruminski@gmail.com"
                },
                {
                    "name": "Fabien Potencier",
                    "email": "fabien@symfony.com"
                }
            ],
            "description": "A tool to automatically fix PHP code style",
            "time": "2015-12-01 22:34:33"
        },
        {
            "name": "psr/log",
            "version": "1.0.0",
            "source": {
                "type": "git",
                "url": "https://github.com/php-fig/log.git",
                "reference": "fe0936ee26643249e916849d48e3a51d5f5e278b"
            },
            "dist": {
                "type": "zip",
                "url": "https://api.github.com/repos/php-fig/log/zipball/fe0936ee26643249e916849d48e3a51d5f5e278b",
                "reference": "fe0936ee26643249e916849d48e3a51d5f5e278b",
                "shasum": ""
            },
            "type": "library",
            "autoload": {
                "psr-0": {
                    "Psr\\Log\\": ""
                }
            },
            "notification-url": "https://packagist.org/downloads/",
            "license": [
                "MIT"
            ],
            "authors": [
                {
                    "name": "PHP-FIG",
                    "homepage": "http://www.php-fig.org/"
                }
            ],
            "description": "Common interface for logging libraries",
            "keywords": [
                "log",
                "psr",
                "psr-3"
            ],
            "time": "2012-12-21 11:40:51"
        },
        {
            "name": "sebastian/diff",
            "version": "1.4.1",
            "source": {
                "type": "git",
                "url": "https://github.com/sebastianbergmann/diff.git",
                "reference": "13edfd8706462032c2f52b4b862974dd46b71c9e"
            },
            "dist": {
                "type": "zip",
                "url": "https://api.github.com/repos/sebastianbergmann/diff/zipball/13edfd8706462032c2f52b4b862974dd46b71c9e",
                "reference": "13edfd8706462032c2f52b4b862974dd46b71c9e",
                "shasum": ""
            },
            "require": {
                "php": ">=5.3.3"
            },
            "require-dev": {
                "phpunit/phpunit": "~4.8"
            },
            "type": "library",
            "extra": {
                "branch-alias": {
                    "dev-master": "1.4-dev"
                }
            },
            "autoload": {
                "classmap": [
                    "src/"
                ]
            },
            "notification-url": "https://packagist.org/downloads/",
            "license": [
                "BSD-3-Clause"
            ],
            "authors": [
                {
                    "name": "Kore Nordmann",
                    "email": "mail@kore-nordmann.de"
                },
                {
                    "name": "Sebastian Bergmann",
                    "email": "sebastian@phpunit.de"
                }
            ],
            "description": "Diff implementation",
            "homepage": "https://github.com/sebastianbergmann/diff",
            "keywords": [
                "diff"
            ],
            "time": "2015-12-08 07:14:41"
        },
        {
            "name": "symfony/console",
            "version": "v3.1.2",
            "source": {
                "type": "git",
                "url": "https://github.com/symfony/console.git",
                "reference": "747154aa69b0f83cd02fc9aa554836dee417631a"
            },
            "dist": {
                "type": "zip",
                "url": "https://api.github.com/repos/symfony/console/zipball/747154aa69b0f83cd02fc9aa554836dee417631a",
                "reference": "747154aa69b0f83cd02fc9aa554836dee417631a",
                "shasum": ""
            },
            "require": {
                "php": ">=5.5.9",
                "symfony/polyfill-mbstring": "~1.0"
            },
            "require-dev": {
                "psr/log": "~1.0",
                "symfony/event-dispatcher": "~2.8|~3.0",
                "symfony/process": "~2.8|~3.0"
            },
            "suggest": {
                "psr/log": "For using the console logger",
                "symfony/event-dispatcher": "",
                "symfony/process": ""
            },
            "type": "library",
            "extra": {
                "branch-alias": {
                    "dev-master": "3.1-dev"
                }
            },
            "autoload": {
                "psr-4": {
                    "Symfony\\Component\\Console\\": ""
                },
                "exclude-from-classmap": [
                    "/Tests/"
                ]
            },
            "notification-url": "https://packagist.org/downloads/",
            "license": [
                "MIT"
            ],
            "authors": [
                {
                    "name": "Fabien Potencier",
                    "email": "fabien@symfony.com"
                },
                {
                    "name": "Symfony Community",
                    "homepage": "https://symfony.com/contributors"
                }
            ],
            "description": "Symfony Console Component",
            "homepage": "https://symfony.com",
            "time": "2016-06-29 07:02:31"
        },
        {
            "name": "symfony/debug",
            "version": "v3.1.2",
            "source": {
                "type": "git",
                "url": "https://github.com/symfony/debug.git",
                "reference": "06e2d52e307ef880ac739f44ee6c2418ca9e3283"
            },
            "dist": {
                "type": "zip",
                "url": "https://api.github.com/repos/symfony/debug/zipball/06e2d52e307ef880ac739f44ee6c2418ca9e3283",
                "reference": "06e2d52e307ef880ac739f44ee6c2418ca9e3283",
                "shasum": ""
            },
            "require": {
                "php": ">=5.5.9",
                "psr/log": "~1.0"
            },
            "conflict": {
                "symfony/http-kernel": ">=2.3,<2.3.24|~2.4.0|>=2.5,<2.5.9|>=2.6,<2.6.2"
            },
            "require-dev": {
                "symfony/class-loader": "~2.8|~3.0",
                "symfony/http-kernel": "~2.8|~3.0"
            },
            "type": "library",
            "extra": {
                "branch-alias": {
                    "dev-master": "3.1-dev"
                }
            },
            "autoload": {
                "psr-4": {
                    "Symfony\\Component\\Debug\\": ""
                },
                "exclude-from-classmap": [
                    "/Tests/"
                ]
            },
            "notification-url": "https://packagist.org/downloads/",
            "license": [
                "MIT"
            ],
            "authors": [
                {
                    "name": "Fabien Potencier",
                    "email": "fabien@symfony.com"
                },
                {
                    "name": "Symfony Community",
                    "homepage": "https://symfony.com/contributors"
                }
            ],
            "description": "Symfony Debug Component",
            "homepage": "https://symfony.com",
            "time": "2016-06-29 05:41:56"
        },
        {
            "name": "symfony/event-dispatcher",
            "version": "v3.1.2",
            "source": {
                "type": "git",
                "url": "https://github.com/symfony/event-dispatcher.git",
                "reference": "7f9839ede2070f53e7e2f0849b9bd14748c434c5"
            },
            "dist": {
                "type": "zip",
                "url": "https://api.github.com/repos/symfony/event-dispatcher/zipball/7f9839ede2070f53e7e2f0849b9bd14748c434c5",
                "reference": "7f9839ede2070f53e7e2f0849b9bd14748c434c5",
                "shasum": ""
            },
            "require": {
                "php": ">=5.5.9"
            },
            "require-dev": {
                "psr/log": "~1.0",
                "symfony/config": "~2.8|~3.0",
                "symfony/dependency-injection": "~2.8|~3.0",
                "symfony/expression-language": "~2.8|~3.0",
                "symfony/stopwatch": "~2.8|~3.0"
            },
            "suggest": {
                "symfony/dependency-injection": "",
                "symfony/http-kernel": ""
            },
            "type": "library",
            "extra": {
                "branch-alias": {
                    "dev-master": "3.1-dev"
                }
            },
            "autoload": {
                "psr-4": {
                    "Symfony\\Component\\EventDispatcher\\": ""
                },
                "exclude-from-classmap": [
                    "/Tests/"
                ]
            },
            "notification-url": "https://packagist.org/downloads/",
            "license": [
                "MIT"
            ],
            "authors": [
                {
                    "name": "Fabien Potencier",
                    "email": "fabien@symfony.com"
                },
                {
                    "name": "Symfony Community",
                    "homepage": "https://symfony.com/contributors"
                }
            ],
            "description": "Symfony EventDispatcher Component",
            "homepage": "https://symfony.com",
            "time": "2016-06-29 05:41:56"
        },
        {
            "name": "symfony/filesystem",
            "version": "v3.1.2",
            "source": {
                "type": "git",
                "url": "https://github.com/symfony/filesystem.git",
                "reference": "322da5f0910d8aa0b25fa65ffccaba68dbddb890"
            },
            "dist": {
                "type": "zip",
                "url": "https://api.github.com/repos/symfony/filesystem/zipball/322da5f0910d8aa0b25fa65ffccaba68dbddb890",
                "reference": "322da5f0910d8aa0b25fa65ffccaba68dbddb890",
                "shasum": ""
            },
            "require": {
                "php": ">=5.5.9"
            },
            "type": "library",
            "extra": {
                "branch-alias": {
                    "dev-master": "3.1-dev"
                }
            },
            "autoload": {
                "psr-4": {
                    "Symfony\\Component\\Filesystem\\": ""
                },
                "exclude-from-classmap": [
                    "/Tests/"
                ]
            },
            "notification-url": "https://packagist.org/downloads/",
            "license": [
                "MIT"
            ],
            "authors": [
                {
                    "name": "Fabien Potencier",
                    "email": "fabien@symfony.com"
                },
                {
                    "name": "Symfony Community",
                    "homepage": "https://symfony.com/contributors"
                }
            ],
            "description": "Symfony Filesystem Component",
            "homepage": "https://symfony.com",
            "time": "2016-06-29 05:41:56"
        },
        {
            "name": "symfony/finder",
            "version": "v3.1.2",
            "source": {
                "type": "git",
                "url": "https://github.com/symfony/finder.git",
                "reference": "8201978de88a9fa0923e18601bb17f1df9c721e7"
            },
            "dist": {
                "type": "zip",
                "url": "https://api.github.com/repos/symfony/finder/zipball/8201978de88a9fa0923e18601bb17f1df9c721e7",
                "reference": "8201978de88a9fa0923e18601bb17f1df9c721e7",
                "shasum": ""
            },
            "require": {
                "php": ">=5.5.9"
            },
            "type": "library",
            "extra": {
                "branch-alias": {
                    "dev-master": "3.1-dev"
                }
            },
            "autoload": {
                "psr-4": {
                    "Symfony\\Component\\Finder\\": ""
                },
                "exclude-from-classmap": [
                    "/Tests/"
                ]
            },
            "notification-url": "https://packagist.org/downloads/",
            "license": [
                "MIT"
            ],
            "authors": [
                {
                    "name": "Fabien Potencier",
                    "email": "fabien@symfony.com"
                },
                {
                    "name": "Symfony Community",
                    "homepage": "https://symfony.com/contributors"
                }
            ],
            "description": "Symfony Finder Component",
            "homepage": "https://symfony.com",
            "time": "2016-06-29 05:41:56"
        },
        {
            "name": "symfony/polyfill-mbstring",
            "version": "v1.2.0",
            "source": {
                "type": "git",
                "url": "https://github.com/symfony/polyfill-mbstring.git",
                "reference": "dff51f72b0706335131b00a7f49606168c582594"
            },
            "dist": {
                "type": "zip",
                "url": "https://api.github.com/repos/symfony/polyfill-mbstring/zipball/dff51f72b0706335131b00a7f49606168c582594",
                "reference": "dff51f72b0706335131b00a7f49606168c582594",
                "shasum": ""
            },
            "require": {
                "php": ">=5.3.3"
            },
            "suggest": {
                "ext-mbstring": "For best performance"
            },
            "type": "library",
            "extra": {
                "branch-alias": {
                    "dev-master": "1.2-dev"
                }
            },
            "autoload": {
                "psr-4": {
                    "Symfony\\Polyfill\\Mbstring\\": ""
                },
                "files": [
                    "bootstrap.php"
                ]
            },
            "notification-url": "https://packagist.org/downloads/",
            "license": [
                "MIT"
            ],
            "authors": [
                {
                    "name": "Nicolas Grekas",
                    "email": "p@tchwork.com"
                },
                {
                    "name": "Symfony Community",
                    "homepage": "https://symfony.com/contributors"
                }
            ],
            "description": "Symfony polyfill for the Mbstring extension",
            "homepage": "https://symfony.com",
            "keywords": [
                "compatibility",
                "mbstring",
                "polyfill",
                "portable",
                "shim"
            ],
            "time": "2016-05-18 14:26:46"
        },
        {
            "name": "symfony/process",
            "version": "v3.1.2",
            "source": {
                "type": "git",
                "url": "https://github.com/symfony/process.git",
                "reference": "5c11a1a4d4016662eeaf0f8757958c7de069f9a0"
            },
            "dist": {
                "type": "zip",
                "url": "https://api.github.com/repos/symfony/process/zipball/5c11a1a4d4016662eeaf0f8757958c7de069f9a0",
                "reference": "5c11a1a4d4016662eeaf0f8757958c7de069f9a0",
                "shasum": ""
            },
            "require": {
                "php": ">=5.5.9"
            },
            "type": "library",
            "extra": {
                "branch-alias": {
                    "dev-master": "3.1-dev"
                }
            },
            "autoload": {
                "psr-4": {
                    "Symfony\\Component\\Process\\": ""
                },
                "exclude-from-classmap": [
                    "/Tests/"
                ]
            },
            "notification-url": "https://packagist.org/downloads/",
            "license": [
                "MIT"
            ],
            "authors": [
                {
                    "name": "Fabien Potencier",
                    "email": "fabien@symfony.com"
                },
                {
                    "name": "Symfony Community",
                    "homepage": "https://symfony.com/contributors"
                }
            ],
            "description": "Symfony Process Component",
            "homepage": "https://symfony.com",
            "time": "2016-06-29 05:42:25"
        },
        {
            "name": "symfony/stopwatch",
            "version": "v3.1.2",
            "source": {
                "type": "git",
                "url": "https://github.com/symfony/stopwatch.git",
                "reference": "bb42806b12c5f89db4ebf64af6741afe6d8457e1"
            },
            "dist": {
                "type": "zip",
                "url": "https://api.github.com/repos/symfony/stopwatch/zipball/bb42806b12c5f89db4ebf64af6741afe6d8457e1",
                "reference": "bb42806b12c5f89db4ebf64af6741afe6d8457e1",
                "shasum": ""
            },
            "require": {
                "php": ">=5.5.9"
            },
            "type": "library",
            "extra": {
                "branch-alias": {
                    "dev-master": "3.1-dev"
                }
            },
            "autoload": {
                "psr-4": {
                    "Symfony\\Component\\Stopwatch\\": ""
                },
                "exclude-from-classmap": [
                    "/Tests/"
                ]
            },
            "notification-url": "https://packagist.org/downloads/",
            "license": [
                "MIT"
            ],
            "authors": [
                {
                    "name": "Fabien Potencier",
                    "email": "fabien@symfony.com"
                },
                {
                    "name": "Symfony Community",
                    "homepage": "https://symfony.com/contributors"
                }
            ],
            "description": "Symfony Stopwatch Component",
            "homepage": "https://symfony.com",
            "time": "2016-06-29 05:41:56"
        },
        {
            "name": "symfony/var-dumper",
            "version": "v3.1.2",
            "source": {
                "type": "git",
                "url": "https://github.com/symfony/var-dumper.git",
                "reference": "39492b8b8fe514163e677bf154fd80f6cc995759"
            },
            "dist": {
                "type": "zip",
                "url": "https://api.github.com/repos/symfony/var-dumper/zipball/39492b8b8fe514163e677bf154fd80f6cc995759",
                "reference": "39492b8b8fe514163e677bf154fd80f6cc995759",
                "shasum": ""
            },
            "require": {
                "php": ">=5.5.9",
                "symfony/polyfill-mbstring": "~1.0"
            },
            "require-dev": {
                "twig/twig": "~1.20|~2.0"
            },
            "suggest": {
                "ext-symfony_debug": ""
            },
            "type": "library",
            "extra": {
                "branch-alias": {
                    "dev-master": "3.1-dev"
                }
            },
            "autoload": {
                "files": [
                    "Resources/functions/dump.php"
                ],
                "psr-4": {
                    "Symfony\\Component\\VarDumper\\": ""
                },
                "exclude-from-classmap": [
                    "/Tests/"
                ]
            },
            "notification-url": "https://packagist.org/downloads/",
            "license": [
                "MIT"
            ],
            "authors": [
                {
                    "name": "Nicolas Grekas",
                    "email": "p@tchwork.com"
                },
                {
                    "name": "Symfony Community",
                    "homepage": "https://symfony.com/contributors"
                }
            ],
            "description": "Symfony mechanism for exploring and dumping PHP variables",
            "homepage": "https://symfony.com",
            "keywords": [
                "debug",
                "dump"
            ],
            "time": "2016-06-29 05:41:56"
        }
    ],
    "aliases": [],
    "minimum-stability": "stable",
    "stability-flags": [],
    "prefer-stable": false,
    "prefer-lowest": false,
    "platform": {
        "php": ">=5.2"
    },
    "platform-dev": [],
    "platform-overrides": {
        "php": "5.2"
    }
}
